
Microsoft Visual Studio Solution File, Format Version 11.00
# Visual Studio 2010
Project("{FAE04EC0-301F-11D3-BF4B-00C04F79EFBC}") = "Assembly-CSharp", "Assembly-CSharp.csproj", "{d587f2dc-7249-51f1-d27a-ba94a024b3b3}"
EndProject
Project("{FAE04EC0-301F-11D3-BF4B-00C04F79EFBC}") = "Assembly-CSharp-Editor", "Assembly-CSharp-Editor.csproj", "{d3abca36-0abe-4d23-b326-3a6fa7a53a31}"
EndProject
Global
	GlobalSection(SolutionConfigurationPlatforms) = preSolution
		Debug|Any CPU = Debug|Any CPU
	EndGlobalSection
	GlobalSection(ProjectConfigurationPlatforms) = postSolution
		{d587f2dc-7249-51f1-d27a-ba94a024b3b3}.Debug|Any CPU.ActiveCfg = Debug|Any CPU
		{d587f2dc-7249-51f1-d27a-ba94a024b3b3}.Debug|Any CPU.Build.0 = Debug|Any CPU
		{d3abca36-0abe-4d23-b326-3a6fa7a53a31}.Debug|Any CPU.ActiveCfg = Debug|Any CPU
		{d3abca36-0abe-4d23-b326-3a6fa7a53a31}.Debug|Any CPU.Build.0 = Debug|Any CPU
	EndGlobalSection
	GlobalSection(SolutionProperties) = preSolution
		HideSolutionNode = FALSE
	EndGlobalSection
EndGlobal
